
Microsoft Visual Studio Solution File, Format Version 12.00
# Visual Studio Version 17
VisualStudioVersion = 17.5.002.0
MinimumVisualStudioVersion = 10.0.40219.1
Project("{9A19103F-16F7-4668-BE54-9A1E7A4F7556}") = "TASK1", "TASK1.csproj", "{41FAC654-ECA1-4032-B905-8A1A5B325982}"
EndProject
Global
	GlobalSection(SolutionConfigurationPlatforms) = preSolution
		Debug|Any CPU = Debug|Any CPU
		Release|Any CPU = Release|Any CPU
	EndGlobalSection
	GlobalSection(ProjectConfigurationPlatforms) = postSolution
		{41FAC654-ECA1-4032-B905-8A1A5B325982}.Debug|Any CPU.ActiveCfg = Debug|Any CPU
		{41FAC654-ECA1-4032-B905-8A1A5B325982}.Debug|Any CPU.Build.0 = Debug|Any CPU
		{41FAC654-ECA1-4032-B905-8A1A5B325982}.Release|Any CPU.ActiveCfg = Release|Any CPU
		{41FAC654-ECA1-4032-B905-8A1A5B325982}.Release|Any CPU.Build.0 = Release|Any CPU
	EndGlobalSection
	GlobalSection(SolutionProperties) = preSolution
		HideSolutionNode = FALSE
	EndGlobalSection
	GlobalSection(ExtensibilityGlobals) = postSolution
		SolutionGuid = {7AA23DDB-CCB9-4CC7-AA38-52198D1FE68F}
	EndGlobalSection
EndGlobal
